// !$*UTF8*$!
{
	archiveVersion = 1;
	classes = {
	};
	objectVersion = 46;
	objects = {

/* Begin PBXBuildFile section */
		BC3C28241D6151B4003073AF /* AppDelegate.swift in Sources */ = {isa = PBXBuildFile; fileRef = BC3C28231D6151B4003073AF /* AppDelegate.swift */; };
		BC3C28261D6151B4003073AF /* ViewController.swift in Sources */ = {isa = PBXBuildFile; fileRef = BC3C28251D6151B4003073AF /* ViewController.swift */; };
		BC3C28291D6151B4003073AF /* Main.storyboard in Resources */ = {isa = PBXBuildFile; fileRef = BC3C28271D6151B4003073AF /* Main.storyboard */; };
		BC3C282B1D6151B4003073AF /* Assets.xcassets in Resources */ = {isa = PBXBuildFile; fileRef = BC3C282A1D6151B4003073AF /* Assets.xcassets */; };
		BC3C282E1D6151B4003073AF /* LaunchScreen.storyboard in Resources */ = {isa = PBXBuildFile; fileRef = BC3C282C1D6151B4003073AF /* LaunchScreen.storyboard */; };
		BC3C28391D6151B4003073AF /* TestKitchenTests.swift in Sources */ = {isa = PBXBuildFile; fileRef = BC3C28381D6151B4003073AF /* TestKitchenTests.swift */; };
		BC3C28441D6151B4003073AF /* TestKitchenUITests.swift in Sources */ = {isa = PBXBuildFile; fileRef = BC3C28431D6151B4003073AF /* TestKitchenUITests.swift */; };
		BC3C287B1D61554C003073AF /* AppIcon29x29@2x.png in Resources */ = {isa = PBXBuildFile; fileRef = BC3C286F1D61554C003073AF /* AppIcon29x29@2x.png */; };
		BC3C287C1D61554C003073AF /* AppIcon29x29@3x.png in Resources */ = {isa = PBXBuildFile; fileRef = BC3C28701D61554C003073AF /* AppIcon29x29@3x.png */; };
		BC3C287D1D61554C003073AF /* AppIcon40x40@2x.png in Resources */ = {isa = PBXBuildFile; fileRef = BC3C28711D61554C003073AF /* AppIcon40x40@2x.png */; };
		BC3C287E1D61554C003073AF /* AppIcon40x40@3x.png in Resources */ = {isa = PBXBuildFile; fileRef = BC3C28721D61554C003073AF /* AppIcon40x40@3x.png */; };
		BC3C287F1D61554C003073AF /* AppIcon60x60@2x.png in Resources */ = {isa = PBXBuildFile; fileRef = BC3C28731D61554C003073AF /* AppIcon60x60@2x.png */; };
		BC3C28801D61554C003073AF /* AppIcon60x60@3x.png in Resources */ = {isa = PBXBuildFile; fileRef = BC3C28741D61554C003073AF /* AppIcon60x60@3x.png */; };
		BC3C28811D61554C003073AF /* LaunchImage-700-568h@2x.png in Resources */ = {isa = PBXBuildFile; fileRef = BC3C28761D61554C003073AF /* LaunchImage-700-568h@2x.png */; };
		BC3C28821D61554C003073AF /* LaunchImage-700@2x.png in Resources */ = {isa = PBXBuildFile; fileRef = BC3C28771D61554C003073AF /* LaunchImage-700@2x.png */; };
		BC3C28831D61554C003073AF /* LaunchImage-800-667h@2x.png in Resources */ = {isa = PBXBuildFile; fileRef = BC3C28781D61554C003073AF /* LaunchImage-800-667h@2x.png */; };
		BC3C28841D61554C003073AF /* LaunchImage-800-Landscape-736h@3x.png in Resources */ = {isa = PBXBuildFile; fileRef = BC3C28791D61554C003073AF /* LaunchImage-800-Landscape-736h@3x.png */; };
		BC3C28851D61554C003073AF /* LaunchImage-800-Portrait-736h@3x.png in Resources */ = {isa = PBXBuildFile; fileRef = BC3C287A1D61554C003073AF /* LaunchImage-800-Portrait-736h@3x.png */; };
/* End PBXBuildFile section */

/* Begin PBXContainerItemProxy section */
		BC3C28351D6151B4003073AF /* PBXContainerItemProxy */ = {
			isa = PBXContainerItemProxy;
			containerPortal = BC3C28181D6151B4003073AF /* Project object */;
			proxyType = 1;
			remoteGlobalIDString = BC3C281F1D6151B4003073AF;
			remoteInfo = TestKitchen;
		};
		BC3C28401D6151B4003073AF /* PBXContainerItemProxy */ = {
			isa = PBXContainerItemProxy;
			containerPortal = BC3C28181D6151B4003073AF /* Project object */;
			proxyType = 1;
			remoteGlobalIDString = BC3C281F1D6151B4003073AF;
			remoteInfo = TestKitchen;
		};
/* End PBXContainerItemProxy section */

/* Begin PBXFileReference section */
		BC3C28201D6151B4003073AF /* TestKitchen.app */ = {isa = PBXFileReference; explicitFileType = wrapper.application; includeInIndex = 0; path = TestKitchen.app; sourceTree = BUILT_PRODUCTS_DIR; };
		BC3C28231D6151B4003073AF /* AppDelegate.swift */ = {isa = PBXFileReference; lastKnownFileType = sourcecode.swift; path = AppDelegate.swift; sourceTree = "<group>"; };
		BC3C28251D6151B4003073AF /* ViewController.swift */ = {isa = PBXFileReference; lastKnownFileType = sourcecode.swift; path = ViewController.swift; sourceTree = "<group>"; };
		BC3C28281D6151B4003073AF /* Base */ = {isa = PBXFileReference; lastKnownFileType = file.storyboard; name = Base; path = Base.lproj/Main.storyboard; sourceTree = "<group>"; };
		BC3C282A1D6151B4003073AF /* Assets.xcassets */ = {isa = PBXFileReference; lastKnownFileType = folder.assetcatalog; path = Assets.xcassets; sourceTree = "<group>"; };
		BC3C282D1D6151B4003073AF /* Base */ = {isa = PBXFileReference; lastKnownFileType = file.storyboard; name = Base; path = Base.lproj/LaunchScreen.storyboard; sourceTree = "<group>"; };
		BC3C282F1D6151B4003073AF /* Info.plist */ = {isa = PBXFileReference; lastKnownFileType = text.plist.xml; path = Info.plist; sourceTree = "<group>"; };
		BC3C28341D6151B4003073AF /* TestKitchenTests.xctest */ = {isa = PBXFileReference; explicitFileType = wrapper.cfbundle; includeInIndex = 0; path = TestKitchenTests.xctest; sourceTree = BUILT_PRODUCTS_DIR; };
		BC3C28381D6151B4003073AF /* TestKitchenTests.swift */ = {isa = PBXFileReference; lastKnownFileType = sourcecode.swift; path = TestKitchenTests.swift; sourceTree = "<group>"; };
		BC3C283A1D6151B4003073AF /* Info.plist */ = {isa = PBXFileReference; lastKnownFileType = text.plist.xml; path = Info.plist; sourceTree = "<group>"; };
		BC3C283F1D6151B4003073AF /* TestKitchenUITests.xctest */ = {isa = PBXFileReference; explicitFileType = wrapper.cfbundle; includeInIndex = 0; path = TestKitchenUITests.xctest; sourceTree = BUILT_PRODUCTS_DIR; };
		BC3C28431D6151B4003073AF /* TestKitchenUITests.swift */ = {isa = PBXFileReference; lastKnownFileType = sourcecode.swift; path = TestKitchenUITests.swift; sourceTree = "<group>"; };
		BC3C28451D6151B4003073AF /* Info.plist */ = {isa = PBXFileReference; lastKnownFileType = text.plist.xml; path = Info.plist; sourceTree = "<group>"; };
		BC3C286F1D61554C003073AF /* AppIcon29x29@2x.png */ = {isa = PBXFileReference; lastKnownFileType = image.png; path = "AppIcon29x29@2x.png"; sourceTree = "<group>"; };
		BC3C28701D61554C003073AF /* AppIcon29x29@3x.png */ = {isa = PBXFileReference; lastKnownFileType = image.png; path = "AppIcon29x29@3x.png"; sourceTree = "<group>"; };
		BC3C28711D61554C003073AF /* AppIcon40x40@2x.png */ = {isa = PBXFileReference; lastKnownFileType = image.png; path = "AppIcon40x40@2x.png"; sourceTree = "<group>"; };
		BC3C28721D61554C003073AF /* AppIcon40x40@3x.png */ = {isa = PBXFileReference; lastKnownFileType = image.png; path = "AppIcon40x40@3x.png"; sourceTree = "<group>"; };
		BC3C28731D61554C003073AF /* AppIcon60x60@2x.png */ = {isa = PBXFileReference; lastKnownFileType = image.png; path = "AppIcon60x60@2x.png"; sourceTree = "<group>"; };
		BC3C28741D61554C003073AF /* AppIcon60x60@3x.png */ = {isa = PBXFileReference; lastKnownFileType = image.png; path = "AppIcon60x60@3x.png"; sourceTree = "<group>"; };
		BC3C28761D61554C003073AF /* LaunchImage-700-568h@2x.png */ = {isa = PBXFileReference; lastKnownFileType = image.png; path = "LaunchImage-700-568h@2x.png"; sourceTree = "<group>"; };
		BC3C28771D61554C003073AF /* LaunchImage-700@2x.png */ = {isa = PBXFileReference; lastKnownFileType = image.png; path = "LaunchImage-700@2x.png"; sourceTree = "<group>"; };
		BC3C28781D61554C003073AF /* LaunchImage-800-667h@2x.png */ = {isa = PBXFileReference; lastKnownFileType = image.png; path = "LaunchImage-800-667h@2x.png"; sourceTree = "<group>"; };
		BC3C28791D61554C003073AF /* LaunchImage-800-Landscape-736h@3x.png */ = {isa = PBXFileReference; lastKnownFileType = image.png; path = "LaunchImage-800-Landscape-736h@3x.png"; sourceTree = "<group>"; };
		BC3C287A1D61554C003073AF /* LaunchImage-800-Portrait-736h@3x.png */ = {isa = PBXFileReference; lastKnownFileType = image.png; path = "LaunchImage-800-Portrait-736h@3x.png"; sourceTree = "<group>"; };
/* End PBXFileReference section */

/* Begin PBXFrameworksBuildPhase section */
		BC3C281D1D6151B4003073AF /* Frameworks */ = {
			isa = PBXFrameworksBuildPhase;
			buildActionMask = 2147483647;
			files = (
			);
			runOnlyForDeploymentPostprocessing = 0;
		};
		BC3C28311D6151B4003073AF /* Frameworks */ = {
			isa = PBXFrameworksBuildPhase;
			buildActionMask = 2147483647;
			files = (
			);
			runOnlyForDeploymentPostprocessing = 0;
		};
		BC3C283C1D6151B4003073AF /* Frameworks */ = {
			isa = PBXFrameworksBuildPhase;
			buildActionMask = 2147483647;
			files = (
			);
			runOnlyForDeploymentPostprocessing = 0;
		};
/* End PBXFrameworksBuildPhase section */

/* Begin PBXGroup section */
		BC3C28171D6151B4003073AF = {
			isa = PBXGroup;
			children = (
				BC3C28221D6151B4003073AF /* TestKitchen */,
				BC3C28371D6151B4003073AF /* TestKitchenTests */,
				BC3C28421D6151B4003073AF /* TestKitchenUITests */,
				BC3C28211D6151B4003073AF /* Products */,
			);
			sourceTree = "<group>";
		};
		BC3C28211D6151B4003073AF /* Products */ = {
			isa = PBXGroup;
			children = (
				BC3C28201D6151B4003073AF /* TestKitchen.app */,
				BC3C28341D6151B4003073AF /* TestKitchenTests.xctest */,
				BC3C283F1D6151B4003073AF /* TestKitchenUITests.xctest */,
			);
			name = Products;
			sourceTree = "<group>";
		};
		BC3C28221D6151B4003073AF /* TestKitchen */ = {
			isa = PBXGroup;
			children = (
				BC3C28511D6153F8003073AF /* classes */,
				BC3C286D1D6153F8003073AF /* resources */,
				BC3C28231D6151B4003073AF /* AppDelegate.swift */,
				BC3C28251D6151B4003073AF /* ViewController.swift */,
				BC3C28271D6151B4003073AF /* Main.storyboard */,
				BC3C282A1D6151B4003073AF /* Assets.xcassets */,
				BC3C282C1D6151B4003073AF /* LaunchScreen.storyboard */,
				BC3C282F1D6151B4003073AF /* Info.plist */,
			);
			path = TestKitchen;
			sourceTree = "<group>";
		};
		BC3C28371D6151B4003073AF /* TestKitchenTests */ = {
			isa = PBXGroup;
			children = (
				BC3C28381D6151B4003073AF /* TestKitchenTests.swift */,
				BC3C283A1D6151B4003073AF /* Info.plist */,
			);
			path = TestKitchenTests;
			sourceTree = "<group>";
		};
		BC3C28421D6151B4003073AF /* TestKitchenUITests */ = {
			isa = PBXGroup;
			children = (
				BC3C28431D6151B4003073AF /* TestKitchenUITests.swift */,
				BC3C28451D6151B4003073AF /* Info.plist */,
			);
			path = TestKitchenUITests;
			sourceTree = "<group>";
		};
		BC3C28511D6153F8003073AF /* classes */ = {
			isa = PBXGroup;
			children = (
				BC3C28521D6153F8003073AF /* common */,
				BC3C28531D6153F8003073AF /* community */,
				BC3C28581D6153F8003073AF /* cookbook */,
				BC3C285D1D6153F8003073AF /* fooclass */,
				BC3C28621D6153F8003073AF /* mall */,
				BC3C28671D6153F8003073AF /* profile */,
				BC3C286C1D6153F8003073AF /* thirdParty */,
			);
			path = classes;
			sourceTree = "<group>";
		};
		BC3C28521D6153F8003073AF /* common */ = {
			isa = PBXGroup;
			children = (
			);
			path = common;
			sourceTree = "<group>";
		};
		BC3C28531D6153F8003073AF /* community */ = {
			isa = PBXGroup;
			children = (
				BC3C28541D6153F8003073AF /* homePage */,
			);
			path = community;
			sourceTree = "<group>";
		};
		BC3C28541D6153F8003073AF /* homePage */ = {
			isa = PBXGroup;
			children = (
				BC3C28551D6153F8003073AF /* controller */,
				BC3C28561D6153F8003073AF /* model */,
				BC3C28571D6153F8003073AF /* view */,
			);
			path = homePage;
			sourceTree = "<group>";
		};
		BC3C28551D6153F8003073AF /* controller */ = {
			isa = PBXGroup;
			children = (
			);
			path = controller;
			sourceTree = "<group>";
		};
		BC3C28561D6153F8003073AF /* model */ = {
			isa = PBXGroup;
			children = (
			);
			path = model;
			sourceTree = "<group>";
		};
		BC3C28571D6153F8003073AF /* view */ = {
			isa = PBXGroup;
			children = (
			);
			path = view;
			sourceTree = "<group>";
		};
		BC3C28581D6153F8003073AF /* cookbook */ = {
			isa = PBXGroup;
			children = (
				BC3C28591D6153F8003073AF /* homePage */,
			);
			path = cookbook;
			sourceTree = "<group>";
		};
		BC3C28591D6153F8003073AF /* homePage */ = {
			isa = PBXGroup;
			children = (
				BC3C285A1D6153F8003073AF /* controller */,
				BC3C285B1D6153F8003073AF /* model */,
				BC3C285C1D6153F8003073AF /* view */,
			);
			path = homePage;
			sourceTree = "<group>";
		};
		BC3C285A1D6153F8003073AF /* controller */ = {
			isa = PBXGroup;
			children = (
			);
			path = controller;
			sourceTree = "<group>";
		};
		BC3C285B1D6153F8003073AF /* model */ = {
			isa = PBXGroup;
			children = (
			);
			path = model;
			sourceTree = "<group>";
		};
		BC3C285C1D6153F8003073AF /* view */ = {
			isa = PBXGroup;
			children = (
			);
			path = view;
			sourceTree = "<group>";
		};
		BC3C285D1D6153F8003073AF /* fooclass */ = {
			isa = PBXGroup;
			children = (
				BC3C285E1D6153F8003073AF /* homePage */,
			);
			path = fooclass;
			sourceTree = "<group>";
		};
		BC3C285E1D6153F8003073AF /* homePage */ = {
			isa = PBXGroup;
			children = (
				BC3C285F1D6153F8003073AF /* controller */,
				BC3C28601D6153F8003073AF /* model */,
				BC3C28611D6153F8003073AF /* view */,
			);
			path = homePage;
			sourceTree = "<group>";
		};
		BC3C285F1D6153F8003073AF /* controller */ = {
			isa = PBXGroup;
			children = (
			);
			path = controller;
			sourceTree = "<group>";
		};
		BC3C28601D6153F8003073AF /* model */ = {
			isa = PBXGroup;
			children = (
			);
			path = model;
			sourceTree = "<group>";
		};
		BC3C28611D6153F8003073AF /* view */ = {
			isa = PBXGroup;
			children = (
			);
			path = view;
			sourceTree = "<group>";
		};
		BC3C28621D6153F8003073AF /* mall */ = {
			isa = PBXGroup;
			children = (
				BC3C28631D6153F8003073AF /* homePage */,
			);
			path = mall;
			sourceTree = "<group>";
		};
		BC3C28631D6153F8003073AF /* homePage */ = {
			isa = PBXGroup;
			children = (
				BC3C28641D6153F8003073AF /* controller */,
				BC3C28651D6153F8003073AF /* model */,
				BC3C28661D6153F8003073AF /* view */,
			);
			path = homePage;
			sourceTree = "<group>";
		};
		BC3C28641D6153F8003073AF /* controller */ = {
			isa = PBXGroup;
			children = (
			);
			path = controller;
			sourceTree = "<group>";
		};
		BC3C28651D6153F8003073AF /* model */ = {
			isa = PBXGroup;
			children = (
			);
			path = model;
			sourceTree = "<group>";
		};
		BC3C28661D6153F8003073AF /* view */ = {
			isa = PBXGroup;
			children = (
			);
			path = view;
			sourceTree = "<group>";
		};
		BC3C28671D6153F8003073AF /* profile */ = {
			isa = PBXGroup;
			children = (
				BC3C28681D6153F8003073AF /* homePage */,
			);
			path = profile;
			sourceTree = "<group>";
		};
		BC3C28681D6153F8003073AF /* homePage */ = {
			isa = PBXGroup;
			children = (
				BC3C28691D6153F8003073AF /* controller */,
				BC3C286A1D6153F8003073AF /* model */,
				BC3C286B1D6153F8003073AF /* view */,
			);
			path = homePage;
			sourceTree = "<group>";
		};
		BC3C28691D6153F8003073AF /* controller */ = {
			isa = PBXGroup;
			children = (
			);
			path = controller;
			sourceTree = "<group>";
		};
		BC3C286A1D6153F8003073AF /* model */ = {
			isa = PBXGroup;
			children = (
			);
			path = model;
			sourceTree = "<group>";
		};
		BC3C286B1D6153F8003073AF /* view */ = {
			isa = PBXGroup;
			children = (
			);
			path = view;
			sourceTree = "<group>";
		};
		BC3C286C1D6153F8003073AF /* thirdParty */ = {
			isa = PBXGroup;
			children = (
			);
			path = thirdParty;
			sourceTree = "<group>";
		};
		BC3C286D1D6153F8003073AF /* resources */ = {
			isa = PBXGroup;
			children = (
				BC3C286E1D61554C003073AF /* AppIcon */,
				BC3C28751D61554C003073AF /* LaunchImages */,
			);
			path = resources;
			sourceTree = "<group>";
		};
		BC3C286E1D61554C003073AF /* AppIcon */ = {
			isa = PBXGroup;
			children = (
				BC3C286F1D61554C003073AF /* AppIcon29x29@2x.png */,
				BC3C28701D61554C003073AF /* AppIcon29x29@3x.png */,
				BC3C28711D61554C003073AF /* AppIcon40x40@2x.png */,
				BC3C28721D61554C003073AF /* AppIcon40x40@3x.png */,
				BC3C28731D61554C003073AF /* AppIcon60x60@2x.png */,
				BC3C28741D61554C003073AF /* AppIcon60x60@3x.png */,
			);
			path = AppIcon;
			sourceTree = "<group>";
		};
		BC3C28751D61554C003073AF /* LaunchImages */ = {
			isa = PBXGroup;
			children = (
				BC3C28761D61554C003073AF /* LaunchImage-700-568h@2x.png */,
				BC3C28771D61554C003073AF /* LaunchImage-700@2x.png */,
				BC3C28781D61554C003073AF /* LaunchImage-800-667h@2x.png */,
				BC3C28791D61554C003073AF /* LaunchImage-800-Landscape-736h@3x.png */,
				BC3C287A1D61554C003073AF /* LaunchImage-800-Portrait-736h@3x.png */,
			);
			path = LaunchImages;
			sourceTree = "<group>";
		};
/* End PBXGroup section */

/* Begin PBXNativeTarget section */
		BC3C281F1D6151B4003073AF /* TestKitchen */ = {
			isa = PBXNativeTarget;
			buildConfigurationList = BC3C28481D6151B4003073AF /* Build configuration list for PBXNativeTarget "TestKitchen" */;
			buildPhases = (
				BC3C281C1D6151B4003073AF /* Sources */,
				BC3C281D1D6151B4003073AF /* Frameworks */,
				BC3C281E1D6151B4003073AF /* Resources */,
			);
			buildRules = (
			);
			dependencies = (
			);
			name = TestKitchen;
			productName = TestKitchen;
			productReference = BC3C28201D6151B4003073AF /* TestKitchen.app */;
			productType = "com.apple.product-type.application";
		};
		BC3C28331D6151B4003073AF /* TestKitchenTests */ = {
			isa = PBXNativeTarget;
			buildConfigurationList = BC3C284B1D6151B4003073AF /* Build configuration list for PBXNativeTarget "TestKitchenTests" */;
			buildPhases = (
				BC3C28301D6151B4003073AF /* Sources */,
				BC3C28311D6151B4003073AF /* Frameworks */,
				BC3C28321D6151B4003073AF /* Resources */,
			);
			buildRules = (
			);
			dependencies = (
				BC3C28361D6151B4003073AF /* PBXTargetDependency */,
			);
			name = TestKitchenTests;
			productName = TestKitchenTests;
			productReference = BC3C28341D6151B4003073AF /* TestKitchenTests.xctest */;
			productType = "com.apple.product-type.bundle.unit-test";
		};
		BC3C283E1D6151B4003073AF /* TestKitchenUITests */ = {
			isa = PBXNativeTarget;
			buildConfigurationList = BC3C284E1D6151B4003073AF /* Build configuration list for PBXNativeTarget "TestKitchenUITests" */;
			buildPhases = (
				BC3C283B1D6151B4003073AF /* Sources */,
				BC3C283C1D6151B4003073AF /* Frameworks */,
				BC3C283D1D6151B4003073AF /* Resources */,
			);
			buildRules = (
			);
			dependencies = (
				BC3C28411D6151B4003073AF /* PBXTargetDependency */,
			);
			name = TestKitchenUITests;
			productName = TestKitchenUITests;
			productReference = BC3C283F1D6151B4003073AF /* TestKitchenUITests.xctest */;
			productType = "com.apple.product-type.bundle.ui-testing";
		};
/* End PBXNativeTarget section */

/* Begin PBXProject section */
		BC3C28181D6151B4003073AF /* Project object */ = {
			isa = PBXProject;
			attributes = {
				LastSwiftUpdateCheck = 0730;
				LastUpgradeCheck = 0730;
				ORGANIZATIONNAME = qianfeng;
				TargetAttributes = {
					BC3C281F1D6151B4003073AF = {
						CreatedOnToolsVersion = 7.3.1;
					};
					BC3C28331D6151B4003073AF = {
						CreatedOnToolsVersion = 7.3.1;
						TestTargetID = BC3C281F1D6151B4003073AF;
					};
					BC3C283E1D6151B4003073AF = {
						CreatedOnToolsVersion = 7.3.1;
						TestTargetID = BC3C281F1D6151B4003073AF;
					};
				};
			};
			buildConfigurationList = BC3C281B1D6151B4003073AF /* Build configuration list for PBXProject "TestKitchen" */;
			compatibilityVersion = "Xcode 3.2";
			developmentRegion = English;
			hasScannedForEncodings = 0;
			knownRegions = (
				en,
				Base,
			);
			mainGroup = BC3C28171D6151B4003073AF;
			productRefGroup = BC3C28211D6151B4003073AF /* Products */;
			projectDirPath = "";
			projectRoot = "";
			targets = (
				BC3C281F1D6151B4003073AF /* TestKitchen */,
				BC3C28331D6151B4003073AF /* TestKitchenTests */,
				BC3C283E1D6151B4003073AF /* TestKitchenUITests */,
			);
		};
/* End PBXProject section */

/* Begin PBXResourcesBuildPhase section */
		BC3C281E1D6151B4003073AF /* Resources */ = {
			isa = PBXResourcesBuildPhase;
			buildActionMask = 2147483647;
			files = (
				BC3C287D1D61554C003073AF /* AppIcon40x40@2x.png in Resources */,
				BC3C287B1D61554C003073AF /* AppIcon29x29@2x.png in Resources */,
				BC3C28841D61554C003073AF /* LaunchImage-800-Landscape-736h@3x.png in Resources */,
				BC3C28821D61554C003073AF /* LaunchImage-700@2x.png in Resources */,
				BC3C287E1D61554C003073AF /* AppIcon40x40@3x.png in Resources */,
				BC3C282E1D6151B4003073AF /* LaunchScreen.storyboard in Resources */,
				BC3C28851D61554C003073AF /* LaunchImage-800-Portrait-736h@3x.png in Resources */,
				BC3C282B1D6151B4003073AF /* Assets.xcassets in Resources */,
				BC3C28291D6151B4003073AF /* Main.storyboard in Resources */,
				BC3C28831D61554C003073AF /* LaunchImage-800-667h@2x.png in Resources */,
				BC3C28811D61554C003073AF /* LaunchImage-700-568h@2x.png in Resources */,
				BC3C287F1D61554C003073AF /* AppIcon60x60@2x.png in Resources */,
				BC3C28801D61554C003073AF /* AppIcon60x60@3x.png in Resources */,
				BC3C287C1D61554C003073AF /* AppIcon29x29@3x.png in Resources */,
			);
			runOnlyForDeploymentPostprocessing = 0;
		};
		BC3C28321D6151B4003073AF /* Resources */ = {
			isa = PBXResourcesBuildPhase;
			buildActionMask = 2147483647;
			files = (
			);
			runOnlyForDeploymentPostprocessing = 0;
		};
		BC3C283D1D6151B4003073AF /* Resources */ = {
			isa = PBXResourcesBuildPhase;
			buildActionMask = 2147483647;
			files = (
			);
			runOnlyForDeploymentPostprocessing = 0;
		};
/* End PBXResourcesBuildPhase section */

/* Begin PBXSourcesBuildPhase section */
		BC3C281C1D6151B4003073AF /* Sources */ = {
			isa = PBXSourcesBuildPhase;
			buildActionMask = 2147483647;
			files = (
				BC3C28261D6151B4003073AF /* ViewController.swift in Sources */,
				BC3C28241D6151B4003073AF /* AppDelegate.swift in Sources */,
			);
			runOnlyForDeploymentPostprocessing = 0;
		};
		BC3C28301D6151B4003073AF /* Sources */ = {
			isa = PBXSourcesBuildPhase;
			buildActionMask = 2147483647;
			files = (
				BC3C28391D6151B4003073AF /* TestKitchenTests.swift in Sources */,
			);
			runOnlyForDeploymentPostprocessing = 0;
		};
		BC3C283B1D6151B4003073AF /* Sources */ = {
			isa = PBXSourcesBuildPhase;
			buildActionMask = 2147483647;
			files = (
				BC3C28441D6151B4003073AF /* TestKitchenUITests.swift in Sources */,
			);
			runOnlyForDeploymentPostprocessing = 0;
		};
/* End PBXSourcesBuildPhase section */

/* Begin PBXTargetDependency section */
		BC3C28361D6151B4003073AF /* PBXTargetDependency */ = {
			isa = PBXTargetDependency;
			target = BC3C281F1D6151B4003073AF /* TestKitchen */;
			targetProxy = BC3C28351D6151B4003073AF /* PBXContainerItemProxy */;
		};
		BC3C28411D6151B4003073AF /* PBXTargetDependency */ = {
			isa = PBXTargetDependency;
			target = BC3C281F1D6151B4003073AF /* TestKitchen */;
			targetProxy = BC3C28401D6151B4003073AF /* PBXContainerItemProxy */;
		};
/* End PBXTargetDependency section */

/* Begin PBXVariantGroup section */
		BC3C28271D6151B4003073AF /* Main.storyboard */ = {
			isa = PBXVariantGroup;
			children = (
				BC3C28281D6151B4003073AF /* Base */,
			);
			name = Main.storyboard;
			sourceTree = "<group>";
		};
		BC3C282C1D6151B4003073AF /* LaunchScreen.storyboard */ = {
			isa = PBXVariantGroup;
			children = (
				BC3C282D1D6151B4003073AF /* Base */,
			);
			name = LaunchScreen.storyboard;
			sourceTree = "<group>";
		};
/* End PBXVariantGroup section */

/* Begin XCBuildConfiguration section */
		BC3C28461D6151B4003073AF /* Debug */ = {
			isa = XCBuildConfiguration;
			buildSettings = {
				ALWAYS_SEARCH_USER_PATHS = NO;
				CLANG_ANALYZER_NONNULL = YES;
				CLANG_CXX_LANGUAGE_STANDARD = "gnu++0x";
				CLANG_CXX_LIBRARY = "libc++";
				CLANG_ENABLE_MODULES = YES;
				CLANG_ENABLE_OBJC_ARC = YES;
				CLANG_WARN_BOOL_CONVERSION = YES;
				CLANG_WARN_CONSTANT_CONVERSION = YES;
				CLANG_WARN_DIRECT_OBJC_ISA_USAGE = YES_ERROR;
				CLANG_WARN_EMPTY_BODY = YES;
				CLANG_WARN_ENUM_CONVERSION = YES;
				CLANG_WARN_INT_CONVERSION = YES;
				CLANG_WARN_OBJC_ROOT_CLASS = YES_ERROR;
				CLANG_WARN_UNREACHABLE_CODE = YES;
				CLANG_WARN__DUPLICATE_METHOD_MATCH = YES;
				"CODE_SIGN_IDENTITY[sdk=iphoneos*]" = "iPhone Developer";
				COPY_PHASE_STRIP = NO;
				DEBUG_INFORMATION_FORMAT = dwarf;
				ENABLE_STRICT_OBJC_MSGSEND = YES;
				ENABLE_TESTABILITY = YES;
				GCC_C_LANGUAGE_STANDARD = gnu99;
				GCC_DYNAMIC_NO_PIC = NO;
				GCC_NO_COMMON_BLOCKS = YES;
				GCC_OPTIMIZATION_LEVEL = 0;
				GCC_PREPROCESSOR_DEFINITIONS = (
					"DEBUG=1",
					"$(inherited)",
				);
				GCC_WARN_64_TO_32_BIT_CONVERSION = YES;
				GCC_WARN_ABOUT_RETURN_TYPE = YES_ERROR;
				GCC_WARN_UNDECLARED_SELECTOR = YES;
				GCC_WARN_UNINITIALIZED_AUTOS = YES_AGGRESSIVE;
				GCC_WARN_UNUSED_FUNCTION = YES;
				GCC_WARN_UNUSED_VARIABLE = YES;
				IPHONEOS_DEPLOYMENT_TARGET = 9.3;
				MTL_ENABLE_DEBUG_INFO = YES;
				ONLY_ACTIVE_ARCH = YES;
				SDKROOT = iphoneos;
				SWIFT_OPTIMIZATION_LEVEL = "-Onone";
			};
			name = Debug;
		};
		BC3C28471D6151B4003073AF /* Release */ = {
			isa = XCBuildConfiguration;
			buildSettings = {
				ALWAYS_SEARCH_USER_PATHS = NO;
				CLANG_ANALYZER_NONNULL = YES;
				CLANG_CXX_LANGUAGE_STANDARD = "gnu++0x";
				CLANG_CXX_LIBRARY = "libc++";
				CLANG_ENABLE_MODULES = YES;
				CLANG_ENABLE_OBJC_ARC = YES;
				CLANG_WARN_BOOL_CONVERSION = YES;
				CLANG_WARN_CONSTANT_CONVERSION = YES;
				CLANG_WARN_DIRECT_OBJC_ISA_USAGE = YES_ERROR;
				CLANG_WARN_EMPTY_BODY = YES;
				CLANG_WARN_ENUM_CONVERSION = YES;
				CLANG_WARN_INT_CONVERSION = YES;
				CLANG_WARN_OBJC_ROOT_CLASS = YES_ERROR;
				CLANG_WARN_UNREACHABLE_CODE = YES;
				CLANG_WARN__DUPLICATE_METHOD_MATCH = YES;
				"CODE_SIGN_IDENTITY[sdk=iphoneos*]" = "iPhone Developer";
				COPY_PHASE_STRIP = NO;
				DEBUG_INFORMATION_FORMAT = "dwarf-with-dsym";
				ENABLE_NS_ASSERTIONS = NO;
				ENABLE_STRICT_OBJC_MSGSEND = YES;
				GCC_C_LANGUAGE_STANDARD = gnu99;
				GCC_NO_COMMON_BLOCKS = YES;
				GCC_WARN_64_TO_32_BIT_CONVERSION = YES;
				GCC_WARN_ABOUT_RETURN_TYPE = YES_ERROR;
				GCC_WARN_UNDECLARED_SELECTOR = YES;
				GCC_WARN_UNINITIALIZED_AUTOS = YES_AGGRESSIVE;
				GCC_WARN_UNUSED_FUNCTION = YES;
				GCC_WARN_UNUSED_VARIABLE = YES;
				IPHONEOS_DEPLOYMENT_TARGET = 9.3;
				MTL_ENABLE_DEBUG_INFO = NO;
				SDKROOT = iphoneos;
				VALIDATE_PRODUCT = YES;
			};
			name = Release;
		};
		BC3C28491D6151B4003073AF /* Debug */ = {
			isa = XCBuildConfiguration;
			buildSettings = {
				ASSETCATALOG_COMPILER_APPICON_NAME = AppIcon;
				ASSETCATALOG_COMPILER_LAUNCHIMAGE_NAME = LaunchImage;
				INFOPLIST_FILE = TestKitchen/Info.plist;
				IPHONEOS_DEPLOYMENT_TARGET = 7.0;
				LD_RUNPATH_SEARCH_PATHS = "$(inherited) @executable_path/Frameworks";
				PRODUCT_BUNDLE_IDENTIFIER = com.1606.TestKitchen;
				PRODUCT_NAME = "$(TARGET_NAME)";
			};
			name = Debug;
		};
		BC3C284A1D6151B4003073AF /* Release */ = {
			isa = XCBuildConfiguration;
			buildSettings = {
				ASSETCATALOG_COMPILER_APPICON_NAME = AppIcon;
				ASSETCATALOG_COMPILER_LAUNCHIMAGE_NAME = LaunchImage;
				INFOPLIST_FILE = TestKitchen/Info.plist;
				IPHONEOS_DEPLOYMENT_TARGET = 7.0;
				LD_RUNPATH_SEARCH_PATHS = "$(inherited) @executable_path/Frameworks";
				PRODUCT_BUNDLE_IDENTIFIER = com.1606.TestKitchen;
				PRODUCT_NAME = "$(TARGET_NAME)";
			};
			name = Release;
		};
		BC3C284C1D6151B4003073AF /* Debug */ = {
			isa = XCBuildConfiguration;
			buildSettings = {
				BUNDLE_LOADER = "$(TEST_HOST)";
				INFOPLIST_FILE = TestKitchenTests/Info.plist;
				LD_RUNPATH_SEARCH_PATHS = "$(inherited) @executable_path/Frameworks @loader_path/Frameworks";
				PRODUCT_BUNDLE_IDENTIFIER = com.1606.TestKitchenTests;
				PRODUCT_NAME = "$(TARGET_NAME)";
				TEST_HOST = "$(BUILT_PRODUCTS_DIR)/TestKitchen.app/TestKitchen";
			};
			name = Debug;
		};
		BC3C284D1D6151B4003073AF /* Release */ = {
			isa = XCBuildConfiguration;
			buildSettings = {
				BUNDLE_LOADER = "$(TEST_HOST)";
				INFOPLIST_FILE = TestKitchenTests/Info.plist;
				LD_RUNPATH_SEARCH_PATHS = "$(inherited) @executable_path/Frameworks @loader_path/Frameworks";
				PRODUCT_BUNDLE_IDENTIFIER = com.1606.TestKitchenTests;
				PRODUCT_NAME = "$(TARGET_NAME)";
				TEST_HOST = "$(BUILT_PRODUCTS_DIR)/TestKitchen.app/TestKitchen";
			};
			name = Release;
		};
		BC3C284F1D6151B4003073AF /* Debug */ = {
			isa = XCBuildConfiguration;
			buildSettings = {
				INFOPLIST_FILE = TestKitchenUITests/Info.plist;
				LD_RUNPATH_SEARCH_PATHS = "$(inherited) @executable_path/Frameworks @loader_path/Frameworks";
				PRODUCT_BUNDLE_IDENTIFIER = com.1606.TestKitchenUITests;
				PRODUCT_NAME = "$(TARGET_NAME)";
				TEST_TARGET_NAME = TestKitchen;
			};
			name = Debug;
		};
		BC3C28501D6151B4003073AF /* Release */ = {
			isa = XCBuildConfiguration;
			buildSettings = {
				INFOPLIST_FILE = TestKitchenUITests/Info.plist;
				LD_RUNPATH_SEARCH_PATHS = "$(inherited) @executable_path/Frameworks @loader_path/Frameworks";
				PRODUCT_BUNDLE_IDENTIFIER = com.1606.TestKitchenUITests;
				PRODUCT_NAME = "$(TARGET_NAME)";
				TEST_TARGET_NAME = TestKitchen;
			};
			name = Release;
		};
/* End XCBuildConfiguration section */

/* Begin XCConfigurationList section */
		BC3C281B1D6151B4003073AF /* Build configuration list for PBXProject "TestKitchen" */ = {
			isa = XCConfigurationList;
			buildConfigurations = (
				BC3C28461D6151B4003073AF /* Debug */,
				BC3C28471D6151B4003073AF /* Release */,
			);
			defaultConfigurationIsVisible = 0;
			defaultConfigurationName = Release;
		};
		BC3C28481D6151B4003073AF /* Build configuration list for PBXNativeTarget "TestKitchen" */ = {
			isa = XCConfigurationList;
			buildConfigurations = (
				BC3C28491D6151B4003073AF /* Debug */,
				BC3C284A1D6151B4003073AF /* Release */,
			);
			defaultConfigurationIsVisible = 0;
		};
		BC3C284B1D6151B4003073AF /* Build configuration list for PBXNativeTarget "TestKitchenTests" */ = {
			isa = XCConfigurationList;
			buildConfigurations = (
				BC3C284C1D6151B4003073AF /* Debug */,
				BC3C284D1D6151B4003073AF /* Release */,
			);
			defaultConfigurationIsVisible = 0;
		};
		BC3C284E1D6151B4003073AF /* Build configuration list for PBXNativeTarget "TestKitchenUITests" */ = {
			isa = XCConfigurationList;
			buildConfigurations = (
				BC3C284F1D6151B4003073AF /* Debug */,
				BC3C28501D6151B4003073AF /* Release */,
			);
			defaultConfigurationIsVisible = 0;
		};
/* End XCConfigurationList section */
	};
	rootObject = BC3C28181D6151B4003073AF /* Project object */;
}
